
Microsoft Visual Studio Solution File, Format Version 12.00
# Visual Studio Version 17
VisualStudioVersion = 17.14.36616.10 d17.14
MinimumVisualStudioVersion = 10.0.40219.1
Project("{FAE04EC0-301F-11D3-BF4B-00C04F79EFBC}") = "PvzReA11y", "PvzReA11y.csproj", "{AB267BA0-B159-5EBC-3787-0F0BFDA540C6}"
EndProject
Global
	GlobalSection(SolutionConfigurationPlatforms) = preSolution
		Debug|Any CPU = Debug|Any CPU
		Release|Any CPU = Release|Any CPU
	EndGlobalSection
	GlobalSection(ProjectConfigurationPlatforms) = postSolution
		{AB267BA0-B159-5EBC-3787-0F0BFDA540C6}.Debug|Any CPU.ActiveCfg = Debug|Any CPU
		{AB267BA0-B159-5EBC-3787-0F0BFDA540C6}.Debug|Any CPU.Build.0 = Debug|Any CPU
		{AB267BA0-B159-5EBC-3787-0F0BFDA540C6}.Release|Any CPU.ActiveCfg = Release|Any CPU
		{AB267BA0-B159-5EBC-3787-0F0BFDA540C6}.Release|Any CPU.Build.0 = Release|Any CPU
	EndGlobalSection
	GlobalSection(SolutionProperties) = preSolution
		HideSolutionNode = FALSE
	EndGlobalSection
	GlobalSection(ExtensibilityGlobals) = postSolution
		SolutionGuid = {AF7CDD8A-BF99-4260-857C-DF49CD8E2FE6}
	EndGlobalSection
EndGlobal
